
Microsoft Visual Studio Solution File, Format Version 12.00
# Visual Studio Version 16
VisualStudioVersion = 16.0.30320.27
MinimumVisualStudioVersion = 10.0.40219.1
Project("{9A19103F-16F7-4668-BE54-9A1E7A4F7556}") = "FishStore", "FishStore-asp-net-core-mvc\FishStore.csproj", "{4441EEA4-8312-4587-ACD1-BD22960694DB}"
EndProject
Project("{FAE04EC0-301F-11D3-BF4B-00C04F79EFBC}") = "FishStore.AutomatedUITests", "FishStore.AutomatedUITests\FishStore.AutomatedUITests.csproj", "{61C25E04-EA21-4430-9388-8939F4A4E4B3}"
EndProject
Global
	GlobalSection(SolutionConfigurationPlatforms) = preSolution
		Debug|Any CPU = Debug|Any CPU
		Release|Any CPU = Release|Any CPU
	EndGlobalSection
	GlobalSection(ProjectConfigurationPlatforms) = postSolution
		{4441EEA4-8312-4587-ACD1-BD22960694DB}.Debug|Any CPU.ActiveCfg = Debug|Any CPU
		{4441EEA4-8312-4587-ACD1-BD22960694DB}.Debug|Any CPU.Build.0 = Debug|Any CPU
		{4441EEA4-8312-4587-ACD1-BD22960694DB}.Release|Any CPU.ActiveCfg = Release|Any CPU
		{4441EEA4-8312-4587-ACD1-BD22960694DB}.Release|Any CPU.Build.0 = Release|Any CPU
		{61C25E04-EA21-4430-9388-8939F4A4E4B3}.Debug|Any CPU.ActiveCfg = Debug|Any CPU
		{61C25E04-EA21-4430-9388-8939F4A4E4B3}.Debug|Any CPU.Build.0 = Debug|Any CPU
		{61C25E04-EA21-4430-9388-8939F4A4E4B3}.Release|Any CPU.ActiveCfg = Release|Any CPU
		{61C25E04-EA21-4430-9388-8939F4A4E4B3}.Release|Any CPU.Build.0 = Release|Any CPU
	EndGlobalSection
	GlobalSection(SolutionProperties) = preSolution
		HideSolutionNode = FALSE
	EndGlobalSection
	GlobalSection(ExtensibilityGlobals) = postSolution
		SolutionGuid = {B7D17049-3F96-46FA-888E-DC4E45E652F3}
	EndGlobalSection
EndGlobal
